<?xml version="1.0" encoding="UTF-8"?>
<CONFIG>
  <ProjectOptions>
    <Version Value="10"/>
    <General>
      <Flags>
        <LRSInOutputDirectory Value="False"/>
      </Flags>
      <MainUnit Value="0"/>
      <Title Value="ZC Launcher"/>
      <UseAppBundle Value="False"/>
      <UseXPManifest Value="True"/>
      <Icon Value="0"/>
    </General>
    <VersionInfo>
      <UseVersionInfo Value="True"/>
      <AutoIncrementBuild Value="True"/>
      <MajorVersionNr Value="2"/>
      <MinorVersionNr Value="5"/>
      <RevisionNr Value="3"/>
      <BuildNr Value="311"/>
      <StringTable Comments="Zelda Classic Launcher" CompanyName="Deviansoft" ProductName="Zelda Classic Launcher" ProductVersion="2.5.0.587"/>
    </VersionInfo>
    <BuildModes Count="1">
      <Item1 Name="default" Default="True"/>
    </BuildModes>
    <PublishOptions>
      <Version Value="2"/>
      <IgnoreBinaries Value="False"/>
      <IncludeFileFilter Value="*.(pas|pp|inc|lfm|lpr|lrs|lpi|lpk|sh|xml)"/>
      <ExcludeFileFilter Value="*.(bak|ppu|ppw|o|so);*~;backup"/>
    </PublishOptions>
    <RunParams>
      <local>
        <FormatVersion Value="1"/>
        <LaunchingApplication PathPlusParams="/usr/X11R6/bin/xterm -T 'Lazarus Run Output' -e $(LazarusDir)/tools/runwait.sh $(TargetCmdLine)"/>
      </local>
    </RunParams>
    <RequiredPackages Count="3">
      <Item1>
        <PackageName Value="RunTimeTypeInfoControls"/>
        <MinVersion Minor="1" Valid="True"/>
      </Item1>
      <Item2>
        <PackageName Value="FCL"/>
        <MinVersion Major="1" Valid="True"/>
      </Item2>
      <Item3>
        <PackageName Value="LCL"/>
      </Item3>
    </RequiredPackages>
    <Units Count="4">
      <Unit0>
        <Filename Value="ZCL.lpr"/>
        <IsPartOfProject Value="True"/>
        <EditorIndex Value="1"/>
        <CursorPos Y="23"/>
        <UsageCount Value="208"/>
        <Loaded Value="True"/>
        <LoadedDesigner Value="True"/>
        <DefaultSyntaxHighlighter Value="Delphi"/>
      </Unit0>
      <Unit1>
        <Filename Value="zclmain.pas"/>
        <IsPartOfProject Value="True"/>
        <ComponentName Value="Form1"/>
        <HasResources Value="True"/>
        <ResourceBaseClass Value="Form"/>
        <IsVisibleTab Value="True"/>
        <TopLine Value="1673"/>
        <CursorPos X="17" Y="1681"/>
        <UsageCount Value="208"/>
        <Bookmarks Count="2">
          <Item0 ID="1"/>
          <Item1 X="24" Y="1379"/>
        </Bookmarks>
        <Loaded Value="True"/>
        <LoadedDesigner Value="True"/>
        <DefaultSyntaxHighlighter Value="Delphi"/>
      </Unit1>
      <Unit2>
        <Filename Value="zctitle.pas"/>
        <ComponentName Value="Form2"/>
        <TopLine Value="44"/>
        <CursorPos X="3" Y="59"/>
        <UsageCount Value="12"/>
        <DefaultSyntaxHighlighter Value="Delphi"/>
      </Unit2>
      <Unit3>
        <Filename Value="zscript.pas"/>
        <ComponentName Value="Form2"/>
        <ResourceBaseClass Value="Form"/>
        <CursorPos X="3" Y="206"/>
        <UsageCount Value="15"/>
        <DefaultSyntaxHighlighter Value="Delphi"/>
      </Unit3>
    </Units>
    <JumpHistory Count="30" HistoryIndex="29">
      <Position1>
        <Filename Value="zclmain.pas"/>
        <Caret Line="24" Column="17" TopLine="4"/>
      </Position1>
      <Position2>
        <Filename Value="zclmain.pas"/>
        <Caret Line="828" Column="19" TopLine="809"/>
      </Position2>
      <Position3>
        <Filename Value="zclmain.pas"/>
        <Caret Line="1160" Column="3" TopLine="1158"/>
      </Position3>
      <Position4>
        <Filename Value="zclmain.pas"/>
        <Caret Line="1597" Column="3" TopLine="1594"/>
      </Position4>
      <Position5>
        <Filename Value="zclmain.pas"/>
        <Caret Line="5" Column="69"/>
      </Position5>
      <Position6>
        <Filename Value="zclmain.pas"/>
        <Caret Line="24" Column="17" TopLine="4"/>
      </Position6>
      <Position7>
        <Filename Value="zclmain.pas"/>
        <Caret Line="885" Column="5" TopLine="863"/>
      </Position7>
      <Position8>
        <Filename Value="zclmain.pas"/>
        <Caret Line="32" Column="68" TopLine="253"/>
      </Position8>
      <Position9>
        <Filename Value="zclmain.pas"/>
        <Caret Line="197" Column="27" TopLine="186"/>
      </Position9>
      <Position10>
        <Filename Value="zclmain.pas"/>
        <Caret Line="16" Column="53"/>
      </Position10>
      <Position11>
        <Filename Value="zclmain.pas"/>
        <Caret Line="24" Column="17" TopLine="4"/>
      </Position11>
      <Position12>
        <Filename Value="zclmain.pas"/>
        <Caret Line="928" Column="16" TopLine="906"/>
      </Position12>
      <Position13>
        <Filename Value="zclmain.pas"/>
        <Caret Line="184" Column="30" TopLine="174"/>
      </Position13>
      <Position14>
        <Filename Value="zclmain.pas"/>
        <Caret Line="4" Column="67"/>
      </Position14>
      <Position15>
        <Filename Value="zclmain.pas"/>
        <Caret Line="9" Column="60"/>
      </Position15>
      <Position16>
        <Filename Value="zclmain.pas"/>
        <Caret Line="883" Column="12" TopLine="864"/>
      </Position16>
      <Position17>
        <Filename Value="zclmain.pas"/>
        <Caret Line="884" Column="19" TopLine="865"/>
      </Position17>
      <Position18>
        <Filename Value="zclmain.pas"/>
        <Caret Line="979" Column="14" TopLine="960"/>
      </Position18>
      <Position19>
        <Filename Value="zclmain.pas"/>
        <Caret Line="1083" Column="14" TopLine="1063"/>
      </Position19>
      <Position20>
        <Filename Value="zclmain.pas"/>
        <Caret Line="1192" Column="14" TopLine="1172"/>
      </Position20>
      <Position21>
        <Filename Value="zclmain.pas"/>
        <Caret Line="1208" Column="16" TopLine="1188"/>
      </Position21>
      <Position22>
        <Filename Value="zclmain.pas"/>
        <Caret Line="1266" Column="17" TopLine="1246"/>
      </Position22>
      <Position23>
        <Filename Value="zclmain.pas"/>
        <Caret Line="1308" Column="14" TopLine="1288"/>
      </Position23>
      <Position24>
        <Filename Value="zclmain.pas"/>
        <Caret Line="959" Column="16" TopLine="1105"/>
      </Position24>
      <Position25>
        <Filename Value="zclmain.pas"/>
        <Caret Line="1760" Column="64" TopLine="1739"/>
      </Position25>
      <Position26>
        <Filename Value="zclmain.pas"/>
        <Caret Line="883" Column="12" TopLine="872"/>
      </Position26>
      <Position27>
        <Filename Value="zclmain.pas"/>
        <Caret Line="1261" Column="12" TopLine="1242"/>
      </Position27>
      <Position28>
        <Filename Value="zclmain.pas"/>
        <Caret Line="1737" Column="12" TopLine="1715"/>
      </Position28>
      <Position29>
        <Filename Value="zclmain.pas"/>
        <Caret Line="1319" Column="13" TopLine="1299"/>
      </Position29>
      <Position30>
        <Filename Value="zclmain.pas"/>
        <Caret Line="1804" Column="13" TopLine="1782"/>
      </Position30>
    </JumpHistory>
  </ProjectOptions>
  <CompilerOptions>
    <Version Value="11"/>
    <Parsing>
      <SyntaxOptions>
        <SyntaxMode Value="Delphi"/>
        <CStyleOperator Value="False"/>
        <UseAnsiStrings Value="False"/>
      </SyntaxOptions>
    </Parsing>
    <CodeGeneration>
      <SmartLinkUnit Value="True"/>
      <TargetCPU Value="i386"/>
      <Optimizations>
        <OptimizationLevel Value="2"/>
      </Optimizations>
      <SmallerCode Value="True"/>
    </CodeGeneration>
    <Linking>
      <Debugging>
        <GenerateDebugInfo Value="False"/>
        <UseLineInfoUnit Value="False"/>
      </Debugging>
      <LinkSmart Value="True"/>
      <Options>
        <LinkerOptions Value="-XX"/>
        <Win32>
          <GraphicApplication Value="True"/>
        </Win32>
      </Options>
    </Linking>
    <Other>
      <Verbosity>
        <ShoLineNum Value="True"/>
        <ShowCompProc Value="True"/>
        <ShowHintsForUnusedUnitsInMainSrc Value="True"/>
        <ShowHintsForSenderNotUsed Value="True"/>
      </Verbosity>
      <CreateMakefileOnBuild Value="True"/>
    </Other>
  </CompilerOptions>
  <Debugging>
    <Exceptions Count="2">
      <Item1>
        <Name Value="ECodetoolError"/>
      </Item1>
      <Item2>
        <Name Value="EFOpenError"/>
      </Item2>
    </Exceptions>
  </Debugging>
</CONFIG>
